{
  "name": "common",
  "version": "1.0.0",
  "lockfileVersion": 3,
  "requires": true,
  "packages": {
    "": {
      "name": "common",
      "version": "1.0.0",
      "license": "ISC",
      "dependencies": {
        "zod": "^3.23.6"
      }
    },
    "node_modules/zod": {
      "version": "3.23.6",
      "resolved": "https://registry.npmjs.org/zod/-/zod-3.23.6.tgz",
      "integrity": "sha512-RTHJlZhsRbuA8Hmp/iNL7jnfc4nZishjsanDAfEY1QpDQZCahUp3xDzl+zfweE9BklxMUcgBgS1b7Lvie/ZVwA==",
      "funding": {
        "url": "https://github.com/sponsors/colinhacks"
      }
    }
  }
}
